
Microsoft Visual Studio Solution File, Format Version 12.00
# Visual Studio Version 17
VisualStudioVersion = 17.4.33213.308
MinimumVisualStudioVersion = 10.0.40219.1
Project("{FAE04EC0-301F-11D3-BF4B-00C04F79EFBC}") = "Eterna", "Eterna\Eterna.csproj", "{38A66507-B951-4FE5-9595-C855C28A4C65}"
EndProject
Global
	GlobalSection(SolutionConfigurationPlatforms) = preSolution
		Debug|Any CPU = Debug|Any CPU
		Release|Any CPU = Release|Any CPU
	EndGlobalSection
	GlobalSection(ProjectConfigurationPlatforms) = postSolution
		{38A66507-B951-4FE5-9595-C855C28A4C65}.Debug|Any CPU.ActiveCfg = Debug|Any CPU
		{38A66507-B951-4FE5-9595-C855C28A4C65}.Debug|Any CPU.Build.0 = Debug|Any CPU
		{38A66507-B951-4FE5-9595-C855C28A4C65}.Release|Any CPU.ActiveCfg = Release|Any CPU
		{38A66507-B951-4FE5-9595-C855C28A4C65}.Release|Any CPU.Build.0 = Release|Any CPU
	EndGlobalSection
	GlobalSection(SolutionProperties) = preSolution
		HideSolutionNode = FALSE
	EndGlobalSection
	GlobalSection(ExtensibilityGlobals) = postSolution
		SolutionGuid = {C21B8254-749C-4C35-995F-AC839A72583B}
	EndGlobalSection
EndGlobal
